
Microsoft Visual Studio Solution File, Format Version 12.00
# Visual Studio Version 17
VisualStudioVersion = 17.3.32825.248
MinimumVisualStudioVersion = 10.0.40219.1
Project("{2150E333-8FDC-42A3-9474-1A3956D46DE8}") = "source", "source", "{F6CDBEF0-9685-49F9-A850-FEF3D3F820D0}"
EndProject
Project("{2150E333-8FDC-42A3-9474-1A3956D46DE8}") = "intern", "intern", "{9D630780-3E10-4434-8462-133811C3D0E6}"
EndProject
Project("{2150E333-8FDC-42A3-9474-1A3956D46DE8}") = "extern", "extern", "{C6761066-B805-4F2D-97A0-77AE0F4B5855}"
EndProject
Project("{8BC9CEB8-8B4A-11D0-8D11-00A0C91BC942}") = "guardedalloc", "intern\guardedalloc\guardedalloc.vcxproj", "{DDB478E6-4753-49EF-BBB5-B7ABB3705C9D}"
	ProjectSection(ProjectDependencies) = postProject
		{7A9C72E3-DE17-4084-989C-B8CD7E670F99} = {7A9C72E3-DE17-4084-989C-B8CD7E670F99}
	EndProjectSection
EndProject
Project("{8BC9CEB8-8B4A-11D0-8D11-00A0C91BC942}") = "loomlib", "source\loomlib\loomlib.vcxproj", "{07DA1EFC-AF05-4994-AB31-77D569BF9EAA}"
	ProjectSection(ProjectDependencies) = postProject
		{7A9C72E3-DE17-4084-989C-B8CD7E670F99} = {7A9C72E3-DE17-4084-989C-B8CD7E670F99}
		{9CCF0C3F-3E59-494C-923B-87E75AB81BD2} = {9CCF0C3F-3E59-494C-923B-87E75AB81BD2}
		{DDB478E6-4753-49EF-BBB5-B7ABB3705C9D} = {DDB478E6-4753-49EF-BBB5-B7ABB3705C9D}
	EndProjectSection
EndProject
Project("{8BC9CEB8-8B4A-11D0-8D11-00A0C91BC942}") = "makesdna", "source\makesdna\makesdna.vcxproj", "{9CCF0C3F-3E59-494C-923B-87E75AB81BD2}"
EndProject
Project("{8BC9CEB8-8B4A-11D0-8D11-00A0C91BC942}") = "atomic", "intern\atomic\atomic.vcxproj", "{7A9C72E3-DE17-4084-989C-B8CD7E670F99}"
EndProject
Project("{2150E333-8FDC-42A3-9474-1A3956D46DE8}") = "tests", "tests", "{9CB88680-6371-4D0D-B704-E4CA6B84AFB4}"
EndProject
Project("{8BC9CEB8-8B4A-11D0-8D11-00A0C91BC942}") = "UnitTests", "tests\UnitTests\UnitTests.vcxproj", "{6B37B836-C3D2-45B5-93A9-549B1D9BC788}"
	ProjectSection(ProjectDependencies) = postProject
		{07DA1EFC-AF05-4994-AB31-77D569BF9EAA} = {07DA1EFC-AF05-4994-AB31-77D569BF9EAA}
		{7A9C72E3-DE17-4084-989C-B8CD7E670F99} = {7A9C72E3-DE17-4084-989C-B8CD7E670F99}
		{9CCF0C3F-3E59-494C-923B-87E75AB81BD2} = {9CCF0C3F-3E59-494C-923B-87E75AB81BD2}
		{DDB478E6-4753-49EF-BBB5-B7ABB3705C9D} = {DDB478E6-4753-49EF-BBB5-B7ABB3705C9D}
	EndProjectSection
EndProject
Project("{8BC9CEB8-8B4A-11D0-8D11-00A0C91BC942}") = "ghost", "intern\ghost\ghost.vcxproj", "{94823884-5D86-4CC5-9D01-33F431B52E13}"
	ProjectSection(ProjectDependencies) = postProject
		{201DDD76-2F13-4C57-BA49-2C52FF884796} = {201DDD76-2F13-4C57-BA49-2C52FF884796}
	EndProjectSection
EndProject
Project("{8BC9CEB8-8B4A-11D0-8D11-00A0C91BC942}") = "utfconv", "intern\utfconv\utfconv.vcxproj", "{201DDD76-2F13-4C57-BA49-2C52FF884796}"
EndProject
Project("{2150E333-8FDC-42A3-9474-1A3956D46DE8}") = "Solution Items", "Solution Items", "{DD2058F9-5316-4C68-AFDD-3FEBACEF32A3}"
	ProjectSection(SolutionItems) = preProject
		.clang-format = .clang-format
		.clang-tidy = .clang-tidy
	EndProjectSection
EndProject
Global
	GlobalSection(SolutionConfigurationPlatforms) = preSolution
		Debug|x64 = Debug|x64
		Debug|x86 = Debug|x86
		Release|x64 = Release|x64
		Release|x86 = Release|x86
	EndGlobalSection
	GlobalSection(ProjectConfigurationPlatforms) = postSolution
		{DDB478E6-4753-49EF-BBB5-B7ABB3705C9D}.Debug|x64.ActiveCfg = Debug|x64
		{DDB478E6-4753-49EF-BBB5-B7ABB3705C9D}.Debug|x64.Build.0 = Debug|x64
		{DDB478E6-4753-49EF-BBB5-B7ABB3705C9D}.Debug|x86.ActiveCfg = Debug|Win32
		{DDB478E6-4753-49EF-BBB5-B7ABB3705C9D}.Debug|x86.Build.0 = Debug|Win32
		{DDB478E6-4753-49EF-BBB5-B7ABB3705C9D}.Release|x64.ActiveCfg = Release|x64
		{DDB478E6-4753-49EF-BBB5-B7ABB3705C9D}.Release|x64.Build.0 = Release|x64
		{DDB478E6-4753-49EF-BBB5-B7ABB3705C9D}.Release|x86.ActiveCfg = Release|Win32
		{DDB478E6-4753-49EF-BBB5-B7ABB3705C9D}.Release|x86.Build.0 = Release|Win32
		{07DA1EFC-AF05-4994-AB31-77D569BF9EAA}.Debug|x64.ActiveCfg = Debug|x64
		{07DA1EFC-AF05-4994-AB31-77D569BF9EAA}.Debug|x64.Build.0 = Debug|x64
		{07DA1EFC-AF05-4994-AB31-77D569BF9EAA}.Debug|x86.ActiveCfg = Debug|Win32
		{07DA1EFC-AF05-4994-AB31-77D569BF9EAA}.Debug|x86.Build.0 = Debug|Win32
		{07DA1EFC-AF05-4994-AB31-77D569BF9EAA}.Release|x64.ActiveCfg = Release|x64
		{07DA1EFC-AF05-4994-AB31-77D569BF9EAA}.Release|x64.Build.0 = Release|x64
		{07DA1EFC-AF05-4994-AB31-77D569BF9EAA}.Release|x86.ActiveCfg = Release|Win32
		{07DA1EFC-AF05-4994-AB31-77D569BF9EAA}.Release|x86.Build.0 = Release|Win32
		{9CCF0C3F-3E59-494C-923B-87E75AB81BD2}.Debug|x64.ActiveCfg = Debug|x64
		{9CCF0C3F-3E59-494C-923B-87E75AB81BD2}.Debug|x64.Build.0 = Debug|x64
		{9CCF0C3F-3E59-494C-923B-87E75AB81BD2}.Debug|x86.ActiveCfg = Debug|Win32
		{9CCF0C3F-3E59-494C-923B-87E75AB81BD2}.Debug|x86.Build.0 = Debug|Win32
		{9CCF0C3F-3E59-494C-923B-87E75AB81BD2}.Release|x64.ActiveCfg = Release|x64
		{9CCF0C3F-3E59-494C-923B-87E75AB81BD2}.Release|x64.Build.0 = Release|x64
		{9CCF0C3F-3E59-494C-923B-87E75AB81BD2}.Release|x86.ActiveCfg = Release|Win32
		{9CCF0C3F-3E59-494C-923B-87E75AB81BD2}.Release|x86.Build.0 = Release|Win32
		{7A9C72E3-DE17-4084-989C-B8CD7E670F99}.Debug|x64.ActiveCfg = Debug|x64
		{7A9C72E3-DE17-4084-989C-B8CD7E670F99}.Debug|x64.Build.0 = Debug|x64
		{7A9C72E3-DE17-4084-989C-B8CD7E670F99}.Debug|x86.ActiveCfg = Debug|Win32
		{7A9C72E3-DE17-4084-989C-B8CD7E670F99}.Debug|x86.Build.0 = Debug|Win32
		{7A9C72E3-DE17-4084-989C-B8CD7E670F99}.Release|x64.ActiveCfg = Release|x64
		{7A9C72E3-DE17-4084-989C-B8CD7E670F99}.Release|x64.Build.0 = Release|x64
		{7A9C72E3-DE17-4084-989C-B8CD7E670F99}.Release|x86.ActiveCfg = Release|Win32
		{7A9C72E3-DE17-4084-989C-B8CD7E670F99}.Release|x86.Build.0 = Release|Win32
		{6B37B836-C3D2-45B5-93A9-549B1D9BC788}.Debug|x64.ActiveCfg = Debug|x64
		{6B37B836-C3D2-45B5-93A9-549B1D9BC788}.Debug|x64.Build.0 = Debug|x64
		{6B37B836-C3D2-45B5-93A9-549B1D9BC788}.Debug|x86.ActiveCfg = Debug|Win32
		{6B37B836-C3D2-45B5-93A9-549B1D9BC788}.Debug|x86.Build.0 = Debug|Win32
		{6B37B836-C3D2-45B5-93A9-549B1D9BC788}.Release|x64.ActiveCfg = Release|x64
		{6B37B836-C3D2-45B5-93A9-549B1D9BC788}.Release|x64.Build.0 = Release|x64
		{6B37B836-C3D2-45B5-93A9-549B1D9BC788}.Release|x86.ActiveCfg = Release|Win32
		{6B37B836-C3D2-45B5-93A9-549B1D9BC788}.Release|x86.Build.0 = Release|Win32
		{94823884-5D86-4CC5-9D01-33F431B52E13}.Debug|x64.ActiveCfg = Debug|x64
		{94823884-5D86-4CC5-9D01-33F431B52E13}.Debug|x64.Build.0 = Debug|x64
		{94823884-5D86-4CC5-9D01-33F431B52E13}.Debug|x86.ActiveCfg = Debug|Win32
		{94823884-5D86-4CC5-9D01-33F431B52E13}.Debug|x86.Build.0 = Debug|Win32
		{94823884-5D86-4CC5-9D01-33F431B52E13}.Release|x64.ActiveCfg = Release|x64
		{94823884-5D86-4CC5-9D01-33F431B52E13}.Release|x64.Build.0 = Release|x64
		{94823884-5D86-4CC5-9D01-33F431B52E13}.Release|x86.ActiveCfg = Release|Win32
		{94823884-5D86-4CC5-9D01-33F431B52E13}.Release|x86.Build.0 = Release|Win32
		{201DDD76-2F13-4C57-BA49-2C52FF884796}.Debug|x64.ActiveCfg = Debug|x64
		{201DDD76-2F13-4C57-BA49-2C52FF884796}.Debug|x64.Build.0 = Debug|x64
		{201DDD76-2F13-4C57-BA49-2C52FF884796}.Debug|x86.ActiveCfg = Debug|Win32
		{201DDD76-2F13-4C57-BA49-2C52FF884796}.Debug|x86.Build.0 = Debug|Win32
		{201DDD76-2F13-4C57-BA49-2C52FF884796}.Release|x64.ActiveCfg = Release|x64
		{201DDD76-2F13-4C57-BA49-2C52FF884796}.Release|x64.Build.0 = Release|x64
		{201DDD76-2F13-4C57-BA49-2C52FF884796}.Release|x86.ActiveCfg = Release|Win32
		{201DDD76-2F13-4C57-BA49-2C52FF884796}.Release|x86.Build.0 = Release|Win32
	EndGlobalSection
	GlobalSection(SolutionProperties) = preSolution
		HideSolutionNode = FALSE
	EndGlobalSection
	GlobalSection(NestedProjects) = preSolution
		{DDB478E6-4753-49EF-BBB5-B7ABB3705C9D} = {9D630780-3E10-4434-8462-133811C3D0E6}
		{07DA1EFC-AF05-4994-AB31-77D569BF9EAA} = {F6CDBEF0-9685-49F9-A850-FEF3D3F820D0}
		{9CCF0C3F-3E59-494C-923B-87E75AB81BD2} = {F6CDBEF0-9685-49F9-A850-FEF3D3F820D0}
		{7A9C72E3-DE17-4084-989C-B8CD7E670F99} = {9D630780-3E10-4434-8462-133811C3D0E6}
		{6B37B836-C3D2-45B5-93A9-549B1D9BC788} = {9CB88680-6371-4D0D-B704-E4CA6B84AFB4}
		{94823884-5D86-4CC5-9D01-33F431B52E13} = {9D630780-3E10-4434-8462-133811C3D0E6}
		{201DDD76-2F13-4C57-BA49-2C52FF884796} = {9D630780-3E10-4434-8462-133811C3D0E6}
	EndGlobalSection
	GlobalSection(ExtensibilityGlobals) = postSolution
		SolutionGuid = {008B8697-C40A-4440-8F73-E790D5A59B28}
	EndGlobalSection
EndGlobal
